
Microsoft Visual Studio Solution File, Format Version 12.00
# Visual Studio Version 17
VisualStudioVersion = 17.11.35327.3
MinimumVisualStudioVersion = 10.0.40219.1
Project("{9A19103F-16F7-4668-BE54-9A1E7A4F7556}") = "Demo", "Demo\Demo.csproj", "{801E3D31-1F61-4AB7-882E-3B29A2EEB966}"
EndProject
Project("{FAE04EC0-301F-11D3-BF4B-00C04F79EFBC}") = "Assignment", "Assignment\Assignment.csproj", "{6FED1E54-7FC1-4A27-AFB8-F7941C0AEE7D}"
EndProject
Global
	GlobalSection(SolutionConfigurationPlatforms) = preSolution
		Debug|Any CPU = Debug|Any CPU
		Release|Any CPU = Release|Any CPU
	EndGlobalSection
	GlobalSection(ProjectConfigurationPlatforms) = postSolution
		{801E3D31-1F61-4AB7-882E-3B29A2EEB966}.Debug|Any CPU.ActiveCfg = Debug|Any CPU
		{801E3D31-1F61-4AB7-882E-3B29A2EEB966}.Debug|Any CPU.Build.0 = Debug|Any CPU
		{801E3D31-1F61-4AB7-882E-3B29A2EEB966}.Release|Any CPU.ActiveCfg = Release|Any CPU
		{801E3D31-1F61-4AB7-882E-3B29A2EEB966}.Release|Any CPU.Build.0 = Release|Any CPU
		{6FED1E54-7FC1-4A27-AFB8-F7941C0AEE7D}.Debug|Any CPU.ActiveCfg = Debug|Any CPU
		{6FED1E54-7FC1-4A27-AFB8-F7941C0AEE7D}.Debug|Any CPU.Build.0 = Debug|Any CPU
		{6FED1E54-7FC1-4A27-AFB8-F7941C0AEE7D}.Release|Any CPU.ActiveCfg = Release|Any CPU
		{6FED1E54-7FC1-4A27-AFB8-F7941C0AEE7D}.Release|Any CPU.Build.0 = Release|Any CPU
	EndGlobalSection
	GlobalSection(SolutionProperties) = preSolution
		HideSolutionNode = FALSE
	EndGlobalSection
	GlobalSection(ExtensibilityGlobals) = postSolution
		SolutionGuid = {596C5F3D-F6D3-4723-8A87-4FD79DC71475}
	EndGlobalSection
EndGlobal
